// !$*UTF8*$!
{
	archiveVersion = 1;
	classes = {
	};
	objectVersion = 55;
	objects = {

/* Begin PBXBuildFile section */
		84A5532828B66F44008718D6 /* AppDelegate.swift in Sources */ = {isa = PBXBuildFile; fileRef = 84A5532728B66F44008718D6 /* AppDelegate.swift */; };
		84A5532A28B66F44008718D6 /* SceneDelegate.swift in Sources */ = {isa = PBXBuildFile; fileRef = 84A5532928B66F44008718D6 /* SceneDelegate.swift */; };
		84A5532C28B66F44008718D6 /* EyefiRootViewController.swift in Sources */ = {isa = PBXBuildFile; fileRef = 84A5532B28B66F44008718D6 /* EyefiRootViewController.swift */; };
		84A5532F28B66F44008718D6 /* Main.storyboard in Resources */ = {isa = PBXBuildFile; fileRef = 84A5532D28B66F44008718D6 /* Main.storyboard */; };
		84A5533128B66F47008718D6 /* Assets.xcassets in Resources */ = {isa = PBXBuildFile; fileRef = 84A5533028B66F47008718D6 /* Assets.xcassets */; };
		84A5533428B66F47008718D6 /* LaunchScreen.storyboard in Resources */ = {isa = PBXBuildFile; fileRef = 84A5533228B66F47008718D6 /* LaunchScreen.storyboard */; };
		84A5533F28B66F47008718D6 /* EyeFiTests.swift in Sources */ = {isa = PBXBuildFile; fileRef = 84A5533E28B66F47008718D6 /* EyeFiTests.swift */; };
		84A5534928B66F48008718D6 /* EyeFiUITests.swift in Sources */ = {isa = PBXBuildFile; fileRef = 84A5534828B66F48008718D6 /* EyeFiUITests.swift */; };
		84A5534B28B66F48008718D6 /* EyeFiUITestsLaunchTests.swift in Sources */ = {isa = PBXBuildFile; fileRef = 84A5534A28B66F48008718D6 /* EyeFiUITestsLaunchTests.swift */; };
		84A5535828B6711D008718D6 /* EyefiApp.swift in Sources */ = {isa = PBXBuildFile; fileRef = 84A5535728B6711D008718D6 /* EyefiApp.swift */; };
		84A5535B28B70B08008718D6 /* EyeNetworkingUtil.swift in Sources */ = {isa = PBXBuildFile; fileRef = 84A5535A28B70B08008718D6 /* EyeNetworkingUtil.swift */; };
/* End PBXBuildFile section */

/* Begin PBXContainerItemProxy section */
		84A5533B28B66F47008718D6 /* PBXContainerItemProxy */ = {
			isa = PBXContainerItemProxy;
			containerPortal = 84A5531C28B66F44008718D6 /* Project object */;
			proxyType = 1;
			remoteGlobalIDString = 84A5532328B66F44008718D6;
			remoteInfo = EyeFi;
		};
		84A5534528B66F48008718D6 /* PBXContainerItemProxy */ = {
			isa = PBXContainerItemProxy;
			containerPortal = 84A5531C28B66F44008718D6 /* Project object */;
			proxyType = 1;
			remoteGlobalIDString = 84A5532328B66F44008718D6;
			remoteInfo = EyeFi;
		};
/* End PBXContainerItemProxy section */

/* Begin PBXFileReference section */
		84A5532428B66F44008718D6 /* EyeFi.app */ = {isa = PBXFileReference; explicitFileType = wrapper.application; includeInIndex = 0; path = EyeFi.app; sourceTree = BUILT_PRODUCTS_DIR; };
		84A5532728B66F44008718D6 /* AppDelegate.swift */ = {isa = PBXFileReference; lastKnownFileType = sourcecode.swift; path = AppDelegate.swift; sourceTree = "<group>"; };
		84A5532928B66F44008718D6 /* SceneDelegate.swift */ = {isa = PBXFileReference; lastKnownFileType = sourcecode.swift; path = SceneDelegate.swift; sourceTree = "<group>"; };
		84A5532B28B66F44008718D6 /* EyefiRootViewController.swift */ = {isa = PBXFileReference; lastKnownFileType = sourcecode.swift; path = EyefiRootViewController.swift; sourceTree = "<group>"; };
		84A5532E28B66F44008718D6 /* Base */ = {isa = PBXFileReference; lastKnownFileType = file.storyboard; name = Base; path = Base.lproj/Main.storyboard; sourceTree = "<group>"; };
		84A5533028B66F47008718D6 /* Assets.xcassets */ = {isa = PBXFileReference; lastKnownFileType = folder.assetcatalog; path = Assets.xcassets; sourceTree = "<group>"; };
		84A5533328B66F47008718D6 /* Base */ = {isa = PBXFileReference; lastKnownFileType = file.storyboard; name = Base; path = Base.lproj/LaunchScreen.storyboard; sourceTree = "<group>"; };
		84A5533528B66F47008718D6 /* Info.plist */ = {isa = PBXFileReference; lastKnownFileType = text.plist.xml; path = Info.plist; sourceTree = "<group>"; };
		84A5533A28B66F47008718D6 /* EyeFiTests.xctest */ = {isa = PBXFileReference; explicitFileType = wrapper.cfbundle; includeInIndex = 0; path = EyeFiTests.xctest; sourceTree = BUILT_PRODUCTS_DIR; };
		84A5533E28B66F47008718D6 /* EyeFiTests.swift */ = {isa = PBXFileReference; lastKnownFileType = sourcecode.swift; path = EyeFiTests.swift; sourceTree = "<group>"; };
		84A5534428B66F48008718D6 /* EyeFiUITests.xctest */ = {isa = PBXFileReference; explicitFileType = wrapper.cfbundle; includeInIndex = 0; path = EyeFiUITests.xctest; sourceTree = BUILT_PRODUCTS_DIR; };
		84A5534828B66F48008718D6 /* EyeFiUITests.swift */ = {isa = PBXFileReference; lastKnownFileType = sourcecode.swift; path = EyeFiUITests.swift; sourceTree = "<group>"; };
		84A5534A28B66F48008718D6 /* EyeFiUITestsLaunchTests.swift */ = {isa = PBXFileReference; lastKnownFileType = sourcecode.swift; path = EyeFiUITestsLaunchTests.swift; sourceTree = "<group>"; };
		84A5535728B6711D008718D6 /* EyefiApp.swift */ = {isa = PBXFileReference; lastKnownFileType = sourcecode.swift; path = EyefiApp.swift; sourceTree = "<group>"; };
		84A5535928B70A78008718D6 /* Todo.md */ = {isa = PBXFileReference; lastKnownFileType = net.daringfireball.markdown; path = Todo.md; sourceTree = "<group>"; };
		84A5535A28B70B08008718D6 /* EyeNetworkingUtil.swift */ = {isa = PBXFileReference; lastKnownFileType = sourcecode.swift; path = EyeNetworkingUtil.swift; sourceTree = "<group>"; };
/* End PBXFileReference section */

/* Begin PBXFrameworksBuildPhase section */
		84A5532128B66F44008718D6 /* Frameworks */ = {
			isa = PBXFrameworksBuildPhase;
			buildActionMask = 2147483647;
			files = (
			);
			runOnlyForDeploymentPostprocessing = 0;
		};
		84A5533728B66F47008718D6 /* Frameworks */ = {
			isa = PBXFrameworksBuildPhase;
			buildActionMask = 2147483647;
			files = (
			);
			runOnlyForDeploymentPostprocessing = 0;
		};
		84A5534128B66F48008718D6 /* Frameworks */ = {
			isa = PBXFrameworksBuildPhase;
			buildActionMask = 2147483647;
			files = (
			);
			runOnlyForDeploymentPostprocessing = 0;
		};
/* End PBXFrameworksBuildPhase section */

/* Begin PBXGroup section */
		84A5531B28B66F44008718D6 = {
			isa = PBXGroup;
			children = (
				84A5532628B66F44008718D6 /* EyeFi */,
				84A5533D28B66F47008718D6 /* EyeFiTests */,
				84A5534728B66F48008718D6 /* EyeFiUITests */,
				84A5532528B66F44008718D6 /* Products */,
			);
			sourceTree = "<group>";
		};
		84A5532528B66F44008718D6 /* Products */ = {
			isa = PBXGroup;
			children = (
				84A5532428B66F44008718D6 /* EyeFi.app */,
				84A5533A28B66F47008718D6 /* EyeFiTests.xctest */,
				84A5534428B66F48008718D6 /* EyeFiUITests.xctest */,
			);
			name = Products;
			sourceTree = "<group>";
		};
		84A5532628B66F44008718D6 /* EyeFi */ = {
			isa = PBXGroup;
			children = (
				84A5535728B6711D008718D6 /* EyefiApp.swift */,
				84A5532728B66F44008718D6 /* AppDelegate.swift */,
				84A5532928B66F44008718D6 /* SceneDelegate.swift */,
				84A5532B28B66F44008718D6 /* EyefiRootViewController.swift */,
				84A5532D28B66F44008718D6 /* Main.storyboard */,
				84A5533028B66F47008718D6 /* Assets.xcassets */,
				84A5533228B66F47008718D6 /* LaunchScreen.storyboard */,
				84A5533528B66F47008718D6 /* Info.plist */,
				84A5535928B70A78008718D6 /* Todo.md */,
				84A5535A28B70B08008718D6 /* EyeNetworkingUtil.swift */,
			);
			path = EyeFi;
			sourceTree = "<group>";
		};
		84A5533D28B66F47008718D6 /* EyeFiTests */ = {
			isa = PBXGroup;
			children = (
				84A5533E28B66F47008718D6 /* EyeFiTests.swift */,
			);
			path = EyeFiTests;
			sourceTree = "<group>";
		};
		84A5534728B66F48008718D6 /* EyeFiUITests */ = {
			isa = PBXGroup;
			children = (
				84A5534828B66F48008718D6 /* EyeFiUITests.swift */,
				84A5534A28B66F48008718D6 /* EyeFiUITestsLaunchTests.swift */,
			);
			path = EyeFiUITests;
			sourceTree = "<group>";
		};
/* End PBXGroup section */

/* Begin PBXNativeTarget section */
		84A5532328B66F44008718D6 /* EyeFi */ = {
			isa = PBXNativeTarget;
			buildConfigurationList = 84A5534E28B66F48008718D6 /* Build configuration list for PBXNativeTarget "EyeFi" */;
			buildPhases = (
				84A5532028B66F44008718D6 /* Sources */,
				84A5532128B66F44008718D6 /* Frameworks */,
				84A5532228B66F44008718D6 /* Resources */,
			);
			buildRules = (
			);
			dependencies = (
			);
			name = EyeFi;
			productName = EyeFi;
			productReference = 84A5532428B66F44008718D6 /* EyeFi.app */;
			productType = "com.apple.product-type.application";
		};
		84A5533928B66F47008718D6 /* EyeFiTests */ = {
			isa = PBXNativeTarget;
			buildConfigurationList = 84A5535128B66F48008718D6 /* Build configuration list for PBXNativeTarget "EyeFiTests" */;
			buildPhases = (
				84A5533628B66F47008718D6 /* Sources */,
				84A5533728B66F47008718D6 /* Frameworks */,
				84A5533828B66F47008718D6 /* Resources */,
			);
			buildRules = (
			);
			dependencies = (
				84A5533C28B66F47008718D6 /* PBXTargetDependency */,
			);
			name = EyeFiTests;
			productName = EyeFiTests;
			productReference = 84A5533A28B66F47008718D6 /* EyeFiTests.xctest */;
			productType = "com.apple.product-type.bundle.unit-test";
		};
		84A5534328B66F48008718D6 /* EyeFiUITests */ = {
			isa = PBXNativeTarget;
			buildConfigurationList = 84A5535428B66F48008718D6 /* Build configuration list for PBXNativeTarget "EyeFiUITests" */;
			buildPhases = (
				84A5534028B66F48008718D6 /* Sources */,
				84A5534128B66F48008718D6 /* Frameworks */,
				84A5534228B66F48008718D6 /* Resources */,
			);
			buildRules = (
			);
			dependencies = (
				84A5534628B66F48008718D6 /* PBXTargetDependency */,
			);
			name = EyeFiUITests;
			productName = EyeFiUITests;
			productReference = 84A5534428B66F48008718D6 /* EyeFiUITests.xctest */;
			productType = "com.apple.product-type.bundle.ui-testing";
		};
/* End PBXNativeTarget section */

/* Begin PBXProject section */
		84A5531C28B66F44008718D6 /* Project object */ = {
			isa = PBXProject;
			attributes = {
				BuildIndependentTargetsInParallel = 1;
				LastSwiftUpdateCheck = 1340;
				LastUpgradeCheck = 1340;
				TargetAttributes = {
					84A5532328B66F44008718D6 = {
						CreatedOnToolsVersion = 13.4.1;
					};
					84A5533928B66F47008718D6 = {
						CreatedOnToolsVersion = 13.4.1;
						TestTargetID = 84A5532328B66F44008718D6;
					};
					84A5534328B66F48008718D6 = {
						CreatedOnToolsVersion = 13.4.1;
						TestTargetID = 84A5532328B66F44008718D6;
					};
				};
			};
			buildConfigurationList = 84A5531F28B66F44008718D6 /* Build configuration list for PBXProject "EyeFi" */;
			compatibilityVersion = "Xcode 13.0";
			developmentRegion = en;
			hasScannedForEncodings = 0;
			knownRegions = (
				en,
				Base,
			);
			mainGroup = 84A5531B28B66F44008718D6;
			productRefGroup = 84A5532528B66F44008718D6 /* Products */;
			projectDirPath = "";
			projectRoot = "";
			targets = (
				84A5532328B66F44008718D6 /* EyeFi */,
				84A5533928B66F47008718D6 /* EyeFiTests */,
				84A5534328B66F48008718D6 /* EyeFiUITests */,
			);
		};
/* End PBXProject section */

/* Begin PBXResourcesBuildPhase section */
		84A5532228B66F44008718D6 /* Resources */ = {
			isa = PBXResourcesBuildPhase;
			buildActionMask = 2147483647;
			files = (
				84A5533428B66F47008718D6 /* LaunchScreen.storyboard in Resources */,
				84A5533128B66F47008718D6 /* Assets.xcassets in Resources */,
				84A5532F28B66F44008718D6 /* Main.storyboard in Resources */,
			);
			runOnlyForDeploymentPostprocessing = 0;
		};
		84A5533828B66F47008718D6 /* Resources */ = {
			isa = PBXResourcesBuildPhase;
			buildActionMask = 2147483647;
			files = (
			);
			runOnlyForDeploymentPostprocessing = 0;
		};
		84A5534228B66F48008718D6 /* Resources */ = {
			isa = PBXResourcesBuildPhase;
			buildActionMask = 2147483647;
			files = (
			);
			runOnlyForDeploymentPostprocessing = 0;
		};
/* End PBXResourcesBuildPhase section */

/* Begin PBXSourcesBuildPhase section */
		84A5532028B66F44008718D6 /* Sources */ = {
			isa = PBXSourcesBuildPhase;
			buildActionMask = 2147483647;
			files = (
				84A5535B28B70B08008718D6 /* EyeNetworkingUtil.swift in Sources */,
				84A5535828B6711D008718D6 /* EyefiApp.swift in Sources */,
				84A5532C28B66F44008718D6 /* EyefiRootViewController.swift in Sources */,
				84A5532828B66F44008718D6 /* AppDelegate.swift in Sources */,
				84A5532A28B66F44008718D6 /* SceneDelegate.swift in Sources */,
			);
			runOnlyForDeploymentPostprocessing = 0;
		};
		84A5533628B66F47008718D6 /* Sources */ = {
			isa = PBXSourcesBuildPhase;
			buildActionMask = 2147483647;
			files = (
				84A5533F28B66F47008718D6 /* EyeFiTests.swift in Sources */,
			);
			runOnlyForDeploymentPostprocessing = 0;
		};
		84A5534028B66F48008718D6 /* Sources */ = {
			isa = PBXSourcesBuildPhase;
			buildActionMask = 2147483647;
			files = (
				84A5534928B66F48008718D6 /* EyeFiUITests.swift in Sources */,
				84A5534B28B66F48008718D6 /* EyeFiUITestsLaunchTests.swift in Sources */,
			);
			runOnlyForDeploymentPostprocessing = 0;
		};
/* End PBXSourcesBuildPhase section */

/* Begin PBXTargetDependency section */
		84A5533C28B66F47008718D6 /* PBXTargetDependency */ = {
			isa = PBXTargetDependency;
			target = 84A5532328B66F44008718D6 /* EyeFi */;
			targetProxy = 84A5533B28B66F47008718D6 /* PBXContainerItemProxy */;
		};
		84A5534628B66F48008718D6 /* PBXTargetDependency */ = {
			isa = PBXTargetDependency;
			target = 84A5532328B66F44008718D6 /* EyeFi */;
			targetProxy = 84A5534528B66F48008718D6 /* PBXContainerItemProxy */;
		};
/* End PBXTargetDependency section */

/* Begin PBXVariantGroup section */
		84A5532D28B66F44008718D6 /* Main.storyboard */ = {
			isa = PBXVariantGroup;
			children = (
				84A5532E28B66F44008718D6 /* Base */,
			);
			name = Main.storyboard;
			sourceTree = "<group>";
		};
		84A5533228B66F47008718D6 /* LaunchScreen.storyboard */ = {
			isa = PBXVariantGroup;
			children = (
				84A5533328B66F47008718D6 /* Base */,
			);
			name = LaunchScreen.storyboard;
			sourceTree = "<group>";
		};
/* End PBXVariantGroup section */

/* Begin XCBuildConfiguration section */
		84A5534C28B66F48008718D6 /* Debug */ = {
			isa = XCBuildConfiguration;
			buildSettings = {
				ALWAYS_SEARCH_USER_PATHS = NO;
				CLANG_ANALYZER_NONNULL = YES;
				CLANG_ANALYZER_NUMBER_OBJECT_CONVERSION = YES_AGGRESSIVE;
				CLANG_CXX_LANGUAGE_STANDARD = "gnu++17";
				CLANG_ENABLE_MODULES = YES;
				CLANG_ENABLE_OBJC_ARC = YES;
				CLANG_ENABLE_OBJC_WEAK = YES;
				CLANG_WARN_BLOCK_CAPTURE_AUTORELEASING = YES;
				CLANG_WARN_BOOL_CONVERSION = YES;
				CLANG_WARN_COMMA = YES;
				CLANG_WARN_CONSTANT_CONVERSION = YES;
				CLANG_WARN_DEPRECATED_OBJC_IMPLEMENTATIONS = YES;
				CLANG_WARN_DIRECT_OBJC_ISA_USAGE = YES_ERROR;
				CLANG_WARN_DOCUMENTATION_COMMENTS = YES;
				CLANG_WARN_EMPTY_BODY = YES;
				CLANG_WARN_ENUM_CONVERSION = YES;
				CLANG_WARN_INFINITE_RECURSION = YES;
				CLANG_WARN_INT_CONVERSION = YES;
				CLANG_WARN_NON_LITERAL_NULL_CONVERSION = YES;
				CLANG_WARN_OBJC_IMPLICIT_RETAIN_SELF = YES;
				CLANG_WARN_OBJC_LITERAL_CONVERSION = YES;
				CLANG_WARN_OBJC_ROOT_CLASS = YES_ERROR;
				CLANG_WARN_QUOTED_INCLUDE_IN_FRAMEWORK_HEADER = YES;
				CLANG_WARN_RANGE_LOOP_ANALYSIS = YES;
				CLANG_WARN_STRICT_PROTOTYPES = YES;
				CLANG_WARN_SUSPICIOUS_MOVE = YES;
				CLANG_WARN_UNGUARDED_AVAILABILITY = YES_AGGRESSIVE;
				CLANG_WARN_UNREACHABLE_CODE = YES;
				CLANG_WARN__DUPLICATE_METHOD_MATCH = YES;
				COPY_PHASE_STRIP = NO;
				DEBUG_INFORMATION_FORMAT = dwarf;
				ENABLE_STRICT_OBJC_MSGSEND = YES;
				ENABLE_TESTABILITY = YES;
				GCC_C_LANGUAGE_STANDARD = gnu11;
				GCC_DYNAMIC_NO_PIC = NO;
				GCC_NO_COMMON_BLOCKS = YES;
				GCC_OPTIMIZATION_LEVEL = 0;
				GCC_PREPROCESSOR_DEFINITIONS = (
					"DEBUG=1",
					"$(inherited)",
				);
				GCC_WARN_64_TO_32_BIT_CONVERSION = YES;
				GCC_WARN_ABOUT_RETURN_TYPE = YES_ERROR;
				GCC_WARN_UNDECLARED_SELECTOR = YES;
				GCC_WARN_UNINITIALIZED_AUTOS = YES_AGGRESSIVE;
				GCC_WARN_UNUSED_FUNCTION = YES;
				GCC_WARN_UNUSED_VARIABLE = YES;
				IPHONEOS_DEPLOYMENT_TARGET = 15.5;
				MTL_ENABLE_DEBUG_INFO = INCLUDE_SOURCE;
				MTL_FAST_MATH = YES;
				ONLY_ACTIVE_ARCH = YES;
				SDKROOT = iphoneos;
				SWIFT_ACTIVE_COMPILATION_CONDITIONS = DEBUG;
				SWIFT_OPTIMIZATION_LEVEL = "-Onone";
			};
			name = Debug;
		};
		84A5534D28B66F48008718D6 /* Release */ = {
			isa = XCBuildConfiguration;
			buildSettings = {
				ALWAYS_SEARCH_USER_PATHS = NO;
				CLANG_ANALYZER_NONNULL = YES;
				CLANG_ANALYZER_NUMBER_OBJECT_CONVERSION = YES_AGGRESSIVE;
				CLANG_CXX_LANGUAGE_STANDARD = "gnu++17";
				CLANG_ENABLE_MODULES = YES;
				CLANG_ENABLE_OBJC_ARC = YES;
				CLANG_ENABLE_OBJC_WEAK = YES;
				CLANG_WARN_BLOCK_CAPTURE_AUTORELEASING = YES;
				CLANG_WARN_BOOL_CONVERSION = YES;
				CLANG_WARN_COMMA = YES;
				CLANG_WARN_CONSTANT_CONVERSION = YES;
				CLANG_WARN_DEPRECATED_OBJC_IMPLEMENTATIONS = YES;
				CLANG_WARN_DIRECT_OBJC_ISA_USAGE = YES_ERROR;
				CLANG_WARN_DOCUMENTATION_COMMENTS = YES;
				CLANG_WARN_EMPTY_BODY = YES;
				CLANG_WARN_ENUM_CONVERSION = YES;
				CLANG_WARN_INFINITE_RECURSION = YES;
				CLANG_WARN_INT_CONVERSION = YES;
				CLANG_WARN_NON_LITERAL_NULL_CONVERSION = YES;
				CLANG_WARN_OBJC_IMPLICIT_RETAIN_SELF = YES;
				CLANG_WARN_OBJC_LITERAL_CONVERSION = YES;
				CLANG_WARN_OBJC_ROOT_CLASS = YES_ERROR;
				CLANG_WARN_QUOTED_INCLUDE_IN_FRAMEWORK_HEADER = YES;
				CLANG_WARN_RANGE_LOOP_ANALYSIS = YES;
				CLANG_WARN_STRICT_PROTOTYPES = YES;
				CLANG_WARN_SUSPICIOUS_MOVE = YES;
				CLANG_WARN_UNGUARDED_AVAILABILITY = YES_AGGRESSIVE;
				CLANG_WARN_UNREACHABLE_CODE = YES;
				CLANG_WARN__DUPLICATE_METHOD_MATCH = YES;
				COPY_PHASE_STRIP = NO;
				DEBUG_INFORMATION_FORMAT = "dwarf-with-dsym";
				ENABLE_NS_ASSERTIONS = NO;
				ENABLE_STRICT_OBJC_MSGSEND = YES;
				GCC_C_LANGUAGE_STANDARD = gnu11;
				GCC_NO_COMMON_BLOCKS = YES;
				GCC_WARN_64_TO_32_BIT_CONVERSION = YES;
				GCC_WARN_ABOUT_RETURN_TYPE = YES_ERROR;
				GCC_WARN_UNDECLARED_SELECTOR = YES;
				GCC_WARN_UNINITIALIZED_AUTOS = YES_AGGRESSIVE;
				GCC_WARN_UNUSED_FUNCTION = YES;
				GCC_WARN_UNUSED_VARIABLE = YES;
				IPHONEOS_DEPLOYMENT_TARGET = 15.5;
				MTL_ENABLE_DEBUG_INFO = NO;
				MTL_FAST_MATH = YES;
				SDKROOT = iphoneos;
				SWIFT_COMPILATION_MODE = wholemodule;
				SWIFT_OPTIMIZATION_LEVEL = "-O";
				VALIDATE_PRODUCT = YES;
			};
			name = Release;
		};
		84A5534F28B66F48008718D6 /* Debug */ = {
			isa = XCBuildConfiguration;
			buildSettings = {
				ASSETCATALOG_COMPILER_APPICON_NAME = AppIcon;
				ASSETCATALOG_COMPILER_GLOBAL_ACCENT_COLOR_NAME = AccentColor;
				CODE_SIGN_STYLE = Automatic;
				CURRENT_PROJECT_VERSION = 1;
				DEVELOPMENT_TEAM = DS7TTQH5P7;
				GENERATE_INFOPLIST_FILE = YES;
				INFOPLIST_FILE = EyeFi/Info.plist;
				INFOPLIST_KEY_UIApplicationSupportsIndirectInputEvents = YES;
				INFOPLIST_KEY_UILaunchStoryboardName = LaunchScreen;
				INFOPLIST_KEY_UIMainStoryboardFile = Main;
				INFOPLIST_KEY_UISupportedInterfaceOrientations_iPad = "UIInterfaceOrientationPortrait UIInterfaceOrientationPortraitUpsideDown UIInterfaceOrientationLandscapeLeft UIInterfaceOrientationLandscapeRight";
				INFOPLIST_KEY_UISupportedInterfaceOrientations_iPhone = "UIInterfaceOrientationPortrait UIInterfaceOrientationLandscapeLeft UIInterfaceOrientationLandscapeRight";
				LD_RUNPATH_SEARCH_PATHS = (
					"$(inherited)",
					"@executable_path/Frameworks",
				);
				MARKETING_VERSION = 1.0;
				PRODUCT_BUNDLE_IDENTIFIER = com.eye.new.EyeFi;
				PRODUCT_NAME = "$(TARGET_NAME)";
				SWIFT_EMIT_LOC_STRINGS = YES;
				SWIFT_VERSION = 5.0;
				TARGETED_DEVICE_FAMILY = "1,2";
			};
			name = Debug;
		};
		84A5535028B66F48008718D6 /* Release */ = {
			isa = XCBuildConfiguration;
			buildSettings = {
				ASSETCATALOG_COMPILER_APPICON_NAME = AppIcon;
				ASSETCATALOG_COMPILER_GLOBAL_ACCENT_COLOR_NAME = AccentColor;
				CODE_SIGN_STYLE = Automatic;
				CURRENT_PROJECT_VERSION = 1;
				DEVELOPMENT_TEAM = DS7TTQH5P7;
				GENERATE_INFOPLIST_FILE = YES;
				INFOPLIST_FILE = EyeFi/Info.plist;
				INFOPLIST_KEY_UIApplicationSupportsIndirectInputEvents = YES;
				INFOPLIST_KEY_UILaunchStoryboardName = LaunchScreen;
				INFOPLIST_KEY_UIMainStoryboardFile = Main;
				INFOPLIST_KEY_UISupportedInterfaceOrientations_iPad = "UIInterfaceOrientationPortrait UIInterfaceOrientationPortraitUpsideDown UIInterfaceOrientationLandscapeLeft UIInterfaceOrientationLandscapeRight";
				INFOPLIST_KEY_UISupportedInterfaceOrientations_iPhone = "UIInterfaceOrientationPortrait UIInterfaceOrientationLandscapeLeft UIInterfaceOrientationLandscapeRight";
				LD_RUNPATH_SEARCH_PATHS = (
					"$(inherited)",
					"@executable_path/Frameworks",
				);
				MARKETING_VERSION = 1.0;
				PRODUCT_BUNDLE_IDENTIFIER = com.eye.new.EyeFi;
				PRODUCT_NAME = "$(TARGET_NAME)";
				SWIFT_EMIT_LOC_STRINGS = YES;
				SWIFT_VERSION = 5.0;
				TARGETED_DEVICE_FAMILY = "1,2";
			};
			name = Release;
		};
		84A5535228B66F48008718D6 /* Debug */ = {
			isa = XCBuildConfiguration;
			buildSettings = {
				ALWAYS_EMBED_SWIFT_STANDARD_LIBRARIES = YES;
				BUNDLE_LOADER = "$(TEST_HOST)";
				CODE_SIGN_STYLE = Automatic;
				CURRENT_PROJECT_VERSION = 1;
				DEVELOPMENT_TEAM = DS7TTQH5P7;
				GENERATE_INFOPLIST_FILE = YES;
				IPHONEOS_DEPLOYMENT_TARGET = 15.5;
				MARKETING_VERSION = 1.0;
				PRODUCT_BUNDLE_IDENTIFIER = com.eye.new.EyeFiTests;
				PRODUCT_NAME = "$(TARGET_NAME)";
				SWIFT_EMIT_LOC_STRINGS = NO;
				SWIFT_VERSION = 5.0;
				TARGETED_DEVICE_FAMILY = "1,2";
				TEST_HOST = "$(BUILT_PRODUCTS_DIR)/EyeFi.app/EyeFi";
			};
			name = Debug;
		};
		84A5535328B66F48008718D6 /* Release */ = {
			isa = XCBuildConfiguration;
			buildSettings = {
				ALWAYS_EMBED_SWIFT_STANDARD_LIBRARIES = YES;
				BUNDLE_LOADER = "$(TEST_HOST)";
				CODE_SIGN_STYLE = Automatic;
				CURRENT_PROJECT_VERSION = 1;
				DEVELOPMENT_TEAM = DS7TTQH5P7;
				GENERATE_INFOPLIST_FILE = YES;
				IPHONEOS_DEPLOYMENT_TARGET = 15.5;
				MARKETING_VERSION = 1.0;
				PRODUCT_BUNDLE_IDENTIFIER = com.eye.new.EyeFiTests;
				PRODUCT_NAME = "$(TARGET_NAME)";
				SWIFT_EMIT_LOC_STRINGS = NO;
				SWIFT_VERSION = 5.0;
				TARGETED_DEVICE_FAMILY = "1,2";
				TEST_HOST = "$(BUILT_PRODUCTS_DIR)/EyeFi.app/EyeFi";
			};
			name = Release;
		};
		84A5535528B66F48008718D6 /* Debug */ = {
			isa = XCBuildConfiguration;
			buildSettings = {
				ALWAYS_EMBED_SWIFT_STANDARD_LIBRARIES = YES;
				CODE_SIGN_STYLE = Automatic;
				CURRENT_PROJECT_VERSION = 1;
				DEVELOPMENT_TEAM = DS7TTQH5P7;
				GENERATE_INFOPLIST_FILE = YES;
				MARKETING_VERSION = 1.0;
				PRODUCT_BUNDLE_IDENTIFIER = com.eye.new.EyeFiUITests;
				PRODUCT_NAME = "$(TARGET_NAME)";
				SWIFT_EMIT_LOC_STRINGS = NO;
				SWIFT_VERSION = 5.0;
				TARGETED_DEVICE_FAMILY = "1,2";
				TEST_TARGET_NAME = EyeFi;
			};
			name = Debug;
		};
		84A5535628B66F48008718D6 /* Release */ = {
			isa = XCBuildConfiguration;
			buildSettings = {
				ALWAYS_EMBED_SWIFT_STANDARD_LIBRARIES = YES;
				CODE_SIGN_STYLE = Automatic;
				CURRENT_PROJECT_VERSION = 1;
				DEVELOPMENT_TEAM = DS7TTQH5P7;
				GENERATE_INFOPLIST_FILE = YES;
				MARKETING_VERSION = 1.0;
				PRODUCT_BUNDLE_IDENTIFIER = com.eye.new.EyeFiUITests;
				PRODUCT_NAME = "$(TARGET_NAME)";
				SWIFT_EMIT_LOC_STRINGS = NO;
				SWIFT_VERSION = 5.0;
				TARGETED_DEVICE_FAMILY = "1,2";
				TEST_TARGET_NAME = EyeFi;
			};
			name = Release;
		};
/* End XCBuildConfiguration section */

/* Begin XCConfigurationList section */
		84A5531F28B66F44008718D6 /* Build configuration list for PBXProject "EyeFi" */ = {
			isa = XCConfigurationList;
			buildConfigurations = (
				84A5534C28B66F48008718D6 /* Debug */,
				84A5534D28B66F48008718D6 /* Release */,
			);
			defaultConfigurationIsVisible = 0;
			defaultConfigurationName = Release;
		};
		84A5534E28B66F48008718D6 /* Build configuration list for PBXNativeTarget "EyeFi" */ = {
			isa = XCConfigurationList;
			buildConfigurations = (
				84A5534F28B66F48008718D6 /* Debug */,
				84A5535028B66F48008718D6 /* Release */,
			);
			defaultConfigurationIsVisible = 0;
			defaultConfigurationName = Release;
		};
		84A5535128B66F48008718D6 /* Build configuration list for PBXNativeTarget "EyeFiTests" */ = {
			isa = XCConfigurationList;
			buildConfigurations = (
				84A5535228B66F48008718D6 /* Debug */,
				84A5535328B66F48008718D6 /* Release */,
			);
			defaultConfigurationIsVisible = 0;
			defaultConfigurationName = Release;
		};
		84A5535428B66F48008718D6 /* Build configuration list for PBXNativeTarget "EyeFiUITests" */ = {
			isa = XCConfigurationList;
			buildConfigurations = (
				84A5535528B66F48008718D6 /* Debug */,
				84A5535628B66F48008718D6 /* Release */,
			);
			defaultConfigurationIsVisible = 0;
			defaultConfigurationName = Release;
		};
/* End XCConfigurationList section */
	};
	rootObject = 84A5531C28B66F44008718D6 /* Project object */;
}
